# This file is automatically @generated by Cargo.
# It is not intended for manual editing.
version = 4

[[package]]
name = "ez180n"
version = "0.1.0"
dependencies = [
 "ez180n-font-macro",
 "ez80",
]

[[package]]
name = "ez180n-font-macro"
version = "0.1.0"
dependencies = [
 "libyaff",
]

[[package]]
name = "ez80"
version = "0.5.1"
source = "registry+https://github.com/rust-lang/crates.io-index"
checksum = "235cd6b78166045bbae6a623a401ec59108d191302fb85aa96b94b48b2cccb73"

[[package]]
name = "libyaff"
version = "0.1.2"
source = "registry+https://github.com/rust-lang/crates.io-index"
checksum = "de96d7018490cb435aaf83019950b43f94abd2acd14d729768b71dea88c395e8"
dependencies = [
 "log",
 "regex",
]

[[package]]
name = "log"
version = "0.4.33"
source = "registry+https://github.com/rust-lang/crates.io-index"
checksum = "0ceec5bc11778974d1bcb055b18002eba7f4b3518b6a0081b3af5f21666da9ad"

[[package]]
name = "regex"
version = "1.13.1"
source = "registry+https://github.com/rust-lang/crates.io-index"
checksum = "f020237b6c8eed93db2e2cb53c00c60a8e1bc73da7d073199a1180401450218d"
dependencies = [
 "regex-automata",
 "regex-syntax",
]

[[package]]
name = "regex-automata"
version = "0.4.18"
source = "registry+https://github.com/rust-lang/crates.io-index"
checksum = "ad8553b9b26413251cbf30e620595c7a41b3887f03da04579c0e6b0d6a06b4b2"
dependencies = [
 "regex-syntax",
]

[[package]]
name = "regex-syntax"
version = "0.8.11"
source = "registry+https://github.com/rust-lang/crates.io-index"
checksum = "d6f6ff9a378485b298a5286656da665ba74413d36db0979633275d2e708145d4"
