# This file is automatically @generated by Cargo.
# It is not intended for manual editing.
version = 4

[[package]]
name = "ez180n"
version = "0.1.0"
dependencies = [
 "ez80",
]

[[package]]
name = "ez80"
version = "0.5.1"
source = "registry+https://github.com/rust-lang/crates.io-index"
checksum = "235cd6b78166045bbae6a623a401ec59108d191302fb85aa96b94b48b2cccb73"
