# This file is automatically @generated by Cargo.
# It is not intended for manual editing.
version = 4

[[package]]
name = "ez180n"
version = "0.1.0"
dependencies = [
 "ez80",
]

[[package]]
name = "ez80"
version = "0.4.5"
source = "registry+https://github.com/rust-lang/crates.io-index"
checksum = "cbe75b75e149ce2814cb6cadaa68b2f3879b4d8e562d35ed4597c37b1c42f336"
